
Microsoft Visual Studio Solution File, Format Version 12.00
# Visual Studio 2013
VisualStudioVersion = 12.0.31101.0
MinimumVisualStudioVersion = 10.0.40219.1
Project("{FAE04EC0-301F-11D3-BF4B-00C04F79EFBC}") = "Magic.Controls", "Magic.Controls\Magic.Controls.csproj", "{BA84B818-EAAA-45F5-BD1F-EB13D5B7A29C}"
EndProject
Project("{2150E333-8FDC-42A3-9474-1A3956D46DE8}") = "Tests", "Tests", "{B7B518A8-1A14-45F7-B3EB-B613E3327CB8}"
EndProject
Project("{FAE04EC0-301F-11D3-BF4B-00C04F79EFBC}") = "Magic.ControlsTest", "Magic.ControlsTest\Magic.ControlsTest.csproj", "{576402FA-1433-47DF-8677-B52CF30E7F3F}"
EndProject
Project("{FAE04EC0-301F-11D3-BF4B-00C04F79EFBC}") = "Magic", "Magic\Magic.csproj", "{D835B407-6ED1-402D-B34D-8F46A81A5DDD}"
EndProject
Project("{FAE04EC0-301F-11D3-BF4B-00C04F79EFBC}") = "MagicTest", "Tests\MagicTest\MagicTest.csproj", "{99CE9DE3-7B1E-4D0D-A57F-9A783DF59E76}"
EndProject
Global
	GlobalSection(SolutionConfigurationPlatforms) = preSolution
		Debug|Any CPU = Debug|Any CPU
		Release|Any CPU = Release|Any CPU
	EndGlobalSection
	GlobalSection(ProjectConfigurationPlatforms) = postSolution
		{BA84B818-EAAA-45F5-BD1F-EB13D5B7A29C}.Debug|Any CPU.ActiveCfg = Debug|Any CPU
		{BA84B818-EAAA-45F5-BD1F-EB13D5B7A29C}.Debug|Any CPU.Build.0 = Debug|Any CPU
		{BA84B818-EAAA-45F5-BD1F-EB13D5B7A29C}.Release|Any CPU.ActiveCfg = Release|Any CPU
		{BA84B818-EAAA-45F5-BD1F-EB13D5B7A29C}.Release|Any CPU.Build.0 = Release|Any CPU
		{576402FA-1433-47DF-8677-B52CF30E7F3F}.Debug|Any CPU.ActiveCfg = Debug|Any CPU
		{576402FA-1433-47DF-8677-B52CF30E7F3F}.Debug|Any CPU.Build.0 = Debug|Any CPU
		{576402FA-1433-47DF-8677-B52CF30E7F3F}.Release|Any CPU.ActiveCfg = Release|Any CPU
		{576402FA-1433-47DF-8677-B52CF30E7F3F}.Release|Any CPU.Build.0 = Release|Any CPU
		{D835B407-6ED1-402D-B34D-8F46A81A5DDD}.Debug|Any CPU.ActiveCfg = Debug|Any CPU
		{D835B407-6ED1-402D-B34D-8F46A81A5DDD}.Debug|Any CPU.Build.0 = Debug|Any CPU
		{D835B407-6ED1-402D-B34D-8F46A81A5DDD}.Release|Any CPU.ActiveCfg = Release|Any CPU
		{D835B407-6ED1-402D-B34D-8F46A81A5DDD}.Release|Any CPU.Build.0 = Release|Any CPU
		{99CE9DE3-7B1E-4D0D-A57F-9A783DF59E76}.Debug|Any CPU.ActiveCfg = Debug|Any CPU
		{99CE9DE3-7B1E-4D0D-A57F-9A783DF59E76}.Debug|Any CPU.Build.0 = Debug|Any CPU
		{99CE9DE3-7B1E-4D0D-A57F-9A783DF59E76}.Release|Any CPU.ActiveCfg = Release|Any CPU
		{99CE9DE3-7B1E-4D0D-A57F-9A783DF59E76}.Release|Any CPU.Build.0 = Release|Any CPU
	EndGlobalSection
	GlobalSection(SolutionProperties) = preSolution
		HideSolutionNode = FALSE
	EndGlobalSection
	GlobalSection(NestedProjects) = preSolution
		{576402FA-1433-47DF-8677-B52CF30E7F3F} = {B7B518A8-1A14-45F7-B3EB-B613E3327CB8}
		{99CE9DE3-7B1E-4D0D-A57F-9A783DF59E76} = {B7B518A8-1A14-45F7-B3EB-B613E3327CB8}
	EndGlobalSection
EndGlobal
