
Microsoft Visual Studio Solution File, Format Version 12.00
# Visual Studio 14
VisualStudioVersion = 14.0.24720.0
MinimumVisualStudioVersion = 10.0.40219.1
Project("{2150E333-8FDC-42A3-9474-1A3956D46DE8}") = "Tests", "Tests", "{B7B518A8-1A14-45F7-B3EB-B613E3327CB8}"
EndProject
Project("{FAE04EC0-301F-11D3-BF4B-00C04F79EFBC}") = "Magic", "Magic\Magic.csproj", "{D835B407-6ED1-402D-B34D-8F46A81A5DDD}"
EndProject
Project("{2150E333-8FDC-42A3-9474-1A3956D46DE8}") = "Samples", "Samples", "{A0D1C58C-FDA8-48C8-AEAF-B0EE96CFD7F7}"
EndProject
Project("{FAE04EC0-301F-11D3-BF4B-00C04F79EFBC}") = "NUnit.MagicTest", "NUnit.MagicTest\NUnit.MagicTest.csproj", "{CA928FF9-080B-4741-9C75-C67E4D7CF2AA}"
EndProject
Global
	GlobalSection(SolutionConfigurationPlatforms) = preSolution
		Debug|Any CPU = Debug|Any CPU
		Release|Any CPU = Release|Any CPU
		RemoteDebug|Any CPU = RemoteDebug|Any CPU
	EndGlobalSection
	GlobalSection(ProjectConfigurationPlatforms) = postSolution
		{D835B407-6ED1-402D-B34D-8F46A81A5DDD}.Debug|Any CPU.ActiveCfg = Debug|Any CPU
		{D835B407-6ED1-402D-B34D-8F46A81A5DDD}.Debug|Any CPU.Build.0 = Debug|Any CPU
		{D835B407-6ED1-402D-B34D-8F46A81A5DDD}.Release|Any CPU.ActiveCfg = Release|Any CPU
		{D835B407-6ED1-402D-B34D-8F46A81A5DDD}.Release|Any CPU.Build.0 = Release|Any CPU
		{D835B407-6ED1-402D-B34D-8F46A81A5DDD}.RemoteDebug|Any CPU.ActiveCfg = Debug|Any CPU
		{D835B407-6ED1-402D-B34D-8F46A81A5DDD}.RemoteDebug|Any CPU.Build.0 = Debug|Any CPU
		{CA928FF9-080B-4741-9C75-C67E4D7CF2AA}.Debug|Any CPU.ActiveCfg = Debug|Any CPU
		{CA928FF9-080B-4741-9C75-C67E4D7CF2AA}.Debug|Any CPU.Build.0 = Debug|Any CPU
		{CA928FF9-080B-4741-9C75-C67E4D7CF2AA}.Release|Any CPU.ActiveCfg = Release|Any CPU
		{CA928FF9-080B-4741-9C75-C67E4D7CF2AA}.Release|Any CPU.Build.0 = Release|Any CPU
		{CA928FF9-080B-4741-9C75-C67E4D7CF2AA}.RemoteDebug|Any CPU.ActiveCfg = Debug|Any CPU
		{CA928FF9-080B-4741-9C75-C67E4D7CF2AA}.RemoteDebug|Any CPU.Build.0 = Debug|Any CPU
	EndGlobalSection
	GlobalSection(SolutionProperties) = preSolution
		HideSolutionNode = FALSE
	EndGlobalSection
	GlobalSection(NestedProjects) = preSolution
		{CA928FF9-080B-4741-9C75-C67E4D7CF2AA} = {B7B518A8-1A14-45F7-B3EB-B613E3327CB8}
	EndGlobalSection
EndGlobal
